
Microsoft Visual Studio Solution File, Format Version 12.00
# Visual Studio Version 16
VisualStudioVersion = 16.0.30621.155
MinimumVisualStudioVersion = 10.0.40219.1
Project("{2150E333-8FDC-42A3-9474-1A3956D46DE8}") = "src", "src", "{4249B462-A059-460B-B977-771F424836A3}"
EndProject
Project("{FAE04EC0-301F-11D3-BF4B-00C04F79EFBC}") = "MyMusic.API", "MyMusic.API\MyMusic.API.csproj", "{85ED5912-EC94-4C09-B1AE-461532A6843A}"
EndProject
Project("{FAE04EC0-301F-11D3-BF4B-00C04F79EFBC}") = "MyMusic.Core", "MyMusic.Core\MyMusic.Core.csproj", "{ED8AFAD6-E85B-4EA2-9247-85FCED00C83E}"
EndProject
Project("{FAE04EC0-301F-11D3-BF4B-00C04F79EFBC}") = "MyMusic.Data", "MyMusic.Data\MyMusic.Data.csproj", "{DC68C09F-F602-495B-9E5A-2027FEC349CB}"
EndProject
Project("{FAE04EC0-301F-11D3-BF4B-00C04F79EFBC}") = "MyMusic.Mongo.Db", "MyMusic.Mongo.Db\MyMusic.Mongo.Db.csproj", "{F0D46CCE-8312-4B4E-A735-0E89F686E5E0}"
EndProject
Project("{FAE04EC0-301F-11D3-BF4B-00C04F79EFBC}") = "MyMusic.Services", "MyMusic.Services\MyMusic.Services.csproj", "{A02B8F9B-5684-4CED-B5FE-1BA7D26AD784}"
EndProject
Project("{2150E333-8FDC-42A3-9474-1A3956D46DE8}") = "Web.API", "Web.API", "{ADA04545-5053-4E5A-A236-CD5D2D0DF507}"
EndProject
Project("{2150E333-8FDC-42A3-9474-1A3956D46DE8}") = "Web.Client", "Web.Client", "{E87940B9-0EAF-4B98-B166-1EA6AC6AA4F4}"
EndProject
Project("{2150E333-8FDC-42A3-9474-1A3956D46DE8}") = "tests", "tests", "{A90C49DD-E046-49E6-8D2E-C57722597DA1}"
EndProject
Project("{FAE04EC0-301F-11D3-BF4B-00C04F79EFBC}") = "MyMusicMVC", "MyMusicMVC\MyMusicMVC.csproj", "{AAA652B9-C718-4979-AC20-D5279E8E4949}"
EndProject
Global
	GlobalSection(SolutionConfigurationPlatforms) = preSolution
		Debug|Any CPU = Debug|Any CPU
		Release|Any CPU = Release|Any CPU
	EndGlobalSection
	GlobalSection(ProjectConfigurationPlatforms) = postSolution
		{85ED5912-EC94-4C09-B1AE-461532A6843A}.Debug|Any CPU.ActiveCfg = Debug|Any CPU
		{85ED5912-EC94-4C09-B1AE-461532A6843A}.Debug|Any CPU.Build.0 = Debug|Any CPU
		{85ED5912-EC94-4C09-B1AE-461532A6843A}.Release|Any CPU.ActiveCfg = Release|Any CPU
		{85ED5912-EC94-4C09-B1AE-461532A6843A}.Release|Any CPU.Build.0 = Release|Any CPU
		{ED8AFAD6-E85B-4EA2-9247-85FCED00C83E}.Debug|Any CPU.ActiveCfg = Debug|Any CPU
		{ED8AFAD6-E85B-4EA2-9247-85FCED00C83E}.Debug|Any CPU.Build.0 = Debug|Any CPU
		{ED8AFAD6-E85B-4EA2-9247-85FCED00C83E}.Release|Any CPU.ActiveCfg = Release|Any CPU
		{ED8AFAD6-E85B-4EA2-9247-85FCED00C83E}.Release|Any CPU.Build.0 = Release|Any CPU
		{DC68C09F-F602-495B-9E5A-2027FEC349CB}.Debug|Any CPU.ActiveCfg = Debug|Any CPU
		{DC68C09F-F602-495B-9E5A-2027FEC349CB}.Debug|Any CPU.Build.0 = Debug|Any CPU
		{DC68C09F-F602-495B-9E5A-2027FEC349CB}.Release|Any CPU.ActiveCfg = Release|Any CPU
		{DC68C09F-F602-495B-9E5A-2027FEC349CB}.Release|Any CPU.Build.0 = Release|Any CPU
		{F0D46CCE-8312-4B4E-A735-0E89F686E5E0}.Debug|Any CPU.ActiveCfg = Debug|Any CPU
		{F0D46CCE-8312-4B4E-A735-0E89F686E5E0}.Debug|Any CPU.Build.0 = Debug|Any CPU
		{F0D46CCE-8312-4B4E-A735-0E89F686E5E0}.Release|Any CPU.ActiveCfg = Release|Any CPU
		{F0D46CCE-8312-4B4E-A735-0E89F686E5E0}.Release|Any CPU.Build.0 = Release|Any CPU
		{A02B8F9B-5684-4CED-B5FE-1BA7D26AD784}.Debug|Any CPU.ActiveCfg = Debug|Any CPU
		{A02B8F9B-5684-4CED-B5FE-1BA7D26AD784}.Debug|Any CPU.Build.0 = Debug|Any CPU
		{A02B8F9B-5684-4CED-B5FE-1BA7D26AD784}.Release|Any CPU.ActiveCfg = Release|Any CPU
		{A02B8F9B-5684-4CED-B5FE-1BA7D26AD784}.Release|Any CPU.Build.0 = Release|Any CPU
		{AAA652B9-C718-4979-AC20-D5279E8E4949}.Debug|Any CPU.ActiveCfg = Debug|Any CPU
		{AAA652B9-C718-4979-AC20-D5279E8E4949}.Debug|Any CPU.Build.0 = Debug|Any CPU
		{AAA652B9-C718-4979-AC20-D5279E8E4949}.Release|Any CPU.ActiveCfg = Release|Any CPU
		{AAA652B9-C718-4979-AC20-D5279E8E4949}.Release|Any CPU.Build.0 = Release|Any CPU
	EndGlobalSection
	GlobalSection(SolutionProperties) = preSolution
		HideSolutionNode = FALSE
	EndGlobalSection
	GlobalSection(NestedProjects) = preSolution
		{85ED5912-EC94-4C09-B1AE-461532A6843A} = {ADA04545-5053-4E5A-A236-CD5D2D0DF507}
		{ED8AFAD6-E85B-4EA2-9247-85FCED00C83E} = {ADA04545-5053-4E5A-A236-CD5D2D0DF507}
		{DC68C09F-F602-495B-9E5A-2027FEC349CB} = {ADA04545-5053-4E5A-A236-CD5D2D0DF507}
		{F0D46CCE-8312-4B4E-A735-0E89F686E5E0} = {ADA04545-5053-4E5A-A236-CD5D2D0DF507}
		{A02B8F9B-5684-4CED-B5FE-1BA7D26AD784} = {ADA04545-5053-4E5A-A236-CD5D2D0DF507}
		{ADA04545-5053-4E5A-A236-CD5D2D0DF507} = {4249B462-A059-460B-B977-771F424836A3}
		{E87940B9-0EAF-4B98-B166-1EA6AC6AA4F4} = {4249B462-A059-460B-B977-771F424836A3}
		{AAA652B9-C718-4979-AC20-D5279E8E4949} = {E87940B9-0EAF-4B98-B166-1EA6AC6AA4F4}
	EndGlobalSection
	GlobalSection(ExtensibilityGlobals) = postSolution
		SolutionGuid = {0B58ECCD-C028-4ECE-8381-F87BFB3290E2}
	EndGlobalSection
EndGlobal
